// !$*UTF8*$!
{
	archiveVersion = 1;
	classes = {
	};
	objectVersion = 46;
	objects = {

/* Begin PBXBuildFile section */
		1034251E14CAE798002F7F85 /* UIKit.framework in Frameworks */ = {isa = PBXBuildFile; fileRef = 1034251D14CAE798002F7F85 /* UIKit.framework */; };
		1034252014CAE798002F7F85 /* Foundation.framework in Frameworks */ = {isa = PBXBuildFile; fileRef = 1034251F14CAE798002F7F85 /* Foundation.framework */; };
		1034252214CAE799002F7F85 /* CoreGraphics.framework in Frameworks */ = {isa = PBXBuildFile; fileRef = 1034252114CAE798002F7F85 /* CoreGraphics.framework */; };
		1034252814CAE799002F7F85 /* InfoPlist.strings in Resources */ = {isa = PBXBuildFile; fileRef = 1034252614CAE799002F7F85 /* InfoPlist.strings */; };
		1034252A14CAE799002F7F85 /* main.m in Sources */ = {isa = PBXBuildFile; fileRef = 1034252914CAE799002F7F85 /* main.m */; };
		1034252E14CAE799002F7F85 /* AppDelegate.m in Sources */ = {isa = PBXBuildFile; fileRef = 1034252D14CAE799002F7F85 /* AppDelegate.m */; };
		1034253614CAE799002F7F85 /* SenTestingKit.framework in Frameworks */ = {isa = PBXBuildFile; fileRef = 1034253514CAE799002F7F85 /* SenTestingKit.framework */; };
		1034253714CAE799002F7F85 /* UIKit.framework in Frameworks */ = {isa = PBXBuildFile; fileRef = 1034251D14CAE798002F7F85 /* UIKit.framework */; };
		1034253814CAE799002F7F85 /* Foundation.framework in Frameworks */ = {isa = PBXBuildFile; fileRef = 1034251F14CAE798002F7F85 /* Foundation.framework */; };
		1034254014CAE799002F7F85 /* InfoPlist.strings in Resources */ = {isa = PBXBuildFile; fileRef = 1034253E14CAE799002F7F85 /* InfoPlist.strings */; };
		1034254314CAE799002F7F85 /* GCDSampleTests.m in Sources */ = {isa = PBXBuildFile; fileRef = 1034254214CAE799002F7F85 /* GCDSampleTests.m */; };
		1034255414CAE7EB002F7F85 /* RootViewController.m in Sources */ = {isa = PBXBuildFile; fileRef = 1034255214CAE7EB002F7F85 /* RootViewController.m */; };
		1034255514CAE7EB002F7F85 /* RootViewController.xib in Resources */ = {isa = PBXBuildFile; fileRef = 1034255314CAE7EB002F7F85 /* RootViewController.xib */; };
		1034255914CAED7C002F7F85 /* SingletonViewController.m in Sources */ = {isa = PBXBuildFile; fileRef = 1034255714CAED7C002F7F85 /* SingletonViewController.m */; };
		1034255A14CAED7C002F7F85 /* SingletonViewController.xib in Resources */ = {isa = PBXBuildFile; fileRef = 1034255814CAED7C002F7F85 /* SingletonViewController.xib */; };
/* End PBXBuildFile section */

/* Begin PBXContainerItemProxy section */
		1034253914CAE799002F7F85 /* PBXContainerItemProxy */ = {
			isa = PBXContainerItemProxy;
			containerPortal = 1034251014CAE798002F7F85 /* Project object */;
			proxyType = 1;
			remoteGlobalIDString = 1034251814CAE798002F7F85;
			remoteInfo = GCDSample;
		};
/* End PBXContainerItemProxy section */

/* Begin PBXFileReference section */
		1034251914CAE798002F7F85 /* GCDSample.app */ = {isa = PBXFileReference; explicitFileType = wrapper.application; includeInIndex = 0; path = GCDSample.app; sourceTree = BUILT_PRODUCTS_DIR; };
		1034251D14CAE798002F7F85 /* UIKit.framework */ = {isa = PBXFileReference; lastKnownFileType = wrapper.framework; name = UIKit.framework; path = System/Library/Frameworks/UIKit.framework; sourceTree = SDKROOT; };
		1034251F14CAE798002F7F85 /* Foundation.framework */ = {isa = PBXFileReference; lastKnownFileType = wrapper.framework; name = Foundation.framework; path = System/Library/Frameworks/Foundation.framework; sourceTree = SDKROOT; };
		1034252114CAE798002F7F85 /* CoreGraphics.framework */ = {isa = PBXFileReference; lastKnownFileType = wrapper.framework; name = CoreGraphics.framework; path = System/Library/Frameworks/CoreGraphics.framework; sourceTree = SDKROOT; };
		1034252514CAE799002F7F85 /* GCDSample-Info.plist */ = {isa = PBXFileReference; lastKnownFileType = text.plist.xml; path = "GCDSample-Info.plist"; sourceTree = "<group>"; };
		1034252714CAE799002F7F85 /* en */ = {isa = PBXFileReference; lastKnownFileType = text.plist.strings; name = en; path = en.lproj/InfoPlist.strings; sourceTree = "<group>"; };
		1034252914CAE799002F7F85 /* main.m */ = {isa = PBXFileReference; lastKnownFileType = sourcecode.c.objc; path = main.m; sourceTree = "<group>"; };
		1034252B14CAE799002F7F85 /* GCDSample-Prefix.pch */ = {isa = PBXFileReference; lastKnownFileType = sourcecode.c.h; path = "GCDSample-Prefix.pch"; sourceTree = "<group>"; };
		1034252C14CAE799002F7F85 /* AppDelegate.h */ = {isa = PBXFileReference; lastKnownFileType = sourcecode.c.h; path = AppDelegate.h; sourceTree = "<group>"; };
		1034252D14CAE799002F7F85 /* AppDelegate.m */ = {isa = PBXFileReference; lastKnownFileType = sourcecode.c.objc; path = AppDelegate.m; sourceTree = "<group>"; };
		1034253414CAE799002F7F85 /* GCDSampleTests.octest */ = {isa = PBXFileReference; explicitFileType = wrapper.cfbundle; includeInIndex = 0; path = GCDSampleTests.octest; sourceTree = BUILT_PRODUCTS_DIR; };
		1034253514CAE799002F7F85 /* SenTestingKit.framework */ = {isa = PBXFileReference; lastKnownFileType = wrapper.framework; name = SenTestingKit.framework; path = Library/Frameworks/SenTestingKit.framework; sourceTree = DEVELOPER_DIR; };
		1034253D14CAE799002F7F85 /* GCDSampleTests-Info.plist */ = {isa = PBXFileReference; lastKnownFileType = text.plist.xml; path = "GCDSampleTests-Info.plist"; sourceTree = "<group>"; };
		1034253F14CAE799002F7F85 /* en */ = {isa = PBXFileReference; lastKnownFileType = text.plist.strings; name = en; path = en.lproj/InfoPlist.strings; sourceTree = "<group>"; };
		1034254114CAE799002F7F85 /* GCDSampleTests.h */ = {isa = PBXFileReference; lastKnownFileType = sourcecode.c.h; path = GCDSampleTests.h; sourceTree = "<group>"; };
		1034254214CAE799002F7F85 /* GCDSampleTests.m */ = {isa = PBXFileReference; lastKnownFileType = sourcecode.c.objc; path = GCDSampleTests.m; sourceTree = "<group>"; };
		1034255114CAE7EB002F7F85 /* RootViewController.h */ = {isa = PBXFileReference; fileEncoding = 4; lastKnownFileType = sourcecode.c.h; path = RootViewController.h; sourceTree = "<group>"; };
		1034255214CAE7EB002F7F85 /* RootViewController.m */ = {isa = PBXFileReference; fileEncoding = 4; lastKnownFileType = sourcecode.c.objc; path = RootViewController.m; sourceTree = "<group>"; };
		1034255314CAE7EB002F7F85 /* RootViewController.xib */ = {isa = PBXFileReference; fileEncoding = 4; lastKnownFileType = file.xib; path = RootViewController.xib; sourceTree = "<group>"; };
		1034255614CAED7C002F7F85 /* SingletonViewController.h */ = {isa = PBXFileReference; fileEncoding = 4; lastKnownFileType = sourcecode.c.h; path = SingletonViewController.h; sourceTree = "<group>"; };
		1034255714CAED7C002F7F85 /* SingletonViewController.m */ = {isa = PBXFileReference; fileEncoding = 4; lastKnownFileType = sourcecode.c.objc; path = SingletonViewController.m; sourceTree = "<group>"; };
		1034255814CAED7C002F7F85 /* SingletonViewController.xib */ = {isa = PBXFileReference; fileEncoding = 4; lastKnownFileType = file.xib; path = SingletonViewController.xib; sourceTree = "<group>"; };
/* End PBXFileReference section */

/* Begin PBXFrameworksBuildPhase section */
		1034251614CAE798002F7F85 /* Frameworks */ = {
			isa = PBXFrameworksBuildPhase;
			buildActionMask = 2147483647;
			files = (
				1034251E14CAE798002F7F85 /* UIKit.framework in Frameworks */,
				1034252014CAE798002F7F85 /* Foundation.framework in Frameworks */,
				1034252214CAE799002F7F85 /* CoreGraphics.framework in Frameworks */,
			);
			runOnlyForDeploymentPostprocessing = 0;
		};
		1034253014CAE799002F7F85 /* Frameworks */ = {
			isa = PBXFrameworksBuildPhase;
			buildActionMask = 2147483647;
			files = (
				1034253614CAE799002F7F85 /* SenTestingKit.framework in Frameworks */,
				1034253714CAE799002F7F85 /* UIKit.framework in Frameworks */,
				1034253814CAE799002F7F85 /* Foundation.framework in Frameworks */,
			);
			runOnlyForDeploymentPostprocessing = 0;
		};
/* End PBXFrameworksBuildPhase section */

/* Begin PBXGroup section */
		1034250E14CAE798002F7F85 = {
			isa = PBXGroup;
			children = (
				1034252314CAE799002F7F85 /* GCDSample */,
				1034253B14CAE799002F7F85 /* GCDSampleTests */,
				1034251C14CAE798002F7F85 /* Frameworks */,
				1034251A14CAE798002F7F85 /* Products */,
			);
			sourceTree = "<group>";
		};
		1034251A14CAE798002F7F85 /* Products */ = {
			isa = PBXGroup;
			children = (
				1034251914CAE798002F7F85 /* GCDSample.app */,
				1034253414CAE799002F7F85 /* GCDSampleTests.octest */,
			);
			name = Products;
			sourceTree = "<group>";
		};
		1034251C14CAE798002F7F85 /* Frameworks */ = {
			isa = PBXGroup;
			children = (
				1034251D14CAE798002F7F85 /* UIKit.framework */,
				1034251F14CAE798002F7F85 /* Foundation.framework */,
				1034252114CAE798002F7F85 /* CoreGraphics.framework */,
				1034253514CAE799002F7F85 /* SenTestingKit.framework */,
			);
			name = Frameworks;
			sourceTree = "<group>";
		};
		1034252314CAE799002F7F85 /* GCDSample */ = {
			isa = PBXGroup;
			children = (
				1034254F14CAE7CA002F7F85 /* Utils */,
				1034254E14CAE7CA002F7F85 /* Model */,
				1034255014CAE7CA002F7F85 /* View */,
				1034254C14CAE7CA002F7F85 /* Controller */,
				1034254D14CAE7CA002F7F85 /* Manager */,
				1034252C14CAE799002F7F85 /* AppDelegate.h */,
				1034252D14CAE799002F7F85 /* AppDelegate.m */,
				1034252414CAE799002F7F85 /* Supporting Files */,
			);
			path = GCDSample;
			sourceTree = "<group>";
		};
		1034252414CAE799002F7F85 /* Supporting Files */ = {
			isa = PBXGroup;
			children = (
				1034252514CAE799002F7F85 /* GCDSample-Info.plist */,
				1034252614CAE799002F7F85 /* InfoPlist.strings */,
				1034252914CAE799002F7F85 /* main.m */,
				1034252B14CAE799002F7F85 /* GCDSample-Prefix.pch */,
			);
			name = "Supporting Files";
			sourceTree = "<group>";
		};
		1034253B14CAE799002F7F85 /* GCDSampleTests */ = {
			isa = PBXGroup;
			children = (
				1034254114CAE799002F7F85 /* GCDSampleTests.h */,
				1034254214CAE799002F7F85 /* GCDSampleTests.m */,
				1034253C14CAE799002F7F85 /* Supporting Files */,
			);
			path = GCDSampleTests;
			sourceTree = "<group>";
		};
		1034253C14CAE799002F7F85 /* Supporting Files */ = {
			isa = PBXGroup;
			children = (
				1034253D14CAE799002F7F85 /* GCDSampleTests-Info.plist */,
				1034253E14CAE799002F7F85 /* InfoPlist.strings */,
			);
			name = "Supporting Files";
			sourceTree = "<group>";
		};
		1034254C14CAE7CA002F7F85 /* Controller */ = {
			isa = PBXGroup;
			children = (
				1034255114CAE7EB002F7F85 /* RootViewController.h */,
				1034255214CAE7EB002F7F85 /* RootViewController.m */,
				1034255314CAE7EB002F7F85 /* RootViewController.xib */,
				1034255614CAED7C002F7F85 /* SingletonViewController.h */,
				1034255714CAED7C002F7F85 /* SingletonViewController.m */,
				1034255814CAED7C002F7F85 /* SingletonViewController.xib */,
			);
			path = Controller;
			sourceTree = "<group>";
		};
		1034254D14CAE7CA002F7F85 /* Manager */ = {
			isa = PBXGroup;
			children = (
			);
			path = Manager;
			sourceTree = "<group>";
		};
		1034254E14CAE7CA002F7F85 /* Model */ = {
			isa = PBXGroup;
			children = (
			);
			path = Model;
			sourceTree = "<group>";
		};
		1034254F14CAE7CA002F7F85 /* Utils */ = {
			isa = PBXGroup;
			children = (
			);
			path = Utils;
			sourceTree = "<group>";
		};
		1034255014CAE7CA002F7F85 /* View */ = {
			isa = PBXGroup;
			children = (
			);
			path = View;
			sourceTree = "<group>";
		};
/* End PBXGroup section */

/* Begin PBXNativeTarget section */
		1034251814CAE798002F7F85 /* GCDSample */ = {
			isa = PBXNativeTarget;
			buildConfigurationList = 1034254614CAE799002F7F85 /* Build configuration list for PBXNativeTarget "GCDSample" */;
			buildPhases = (
				1034251514CAE798002F7F85 /* Sources */,
				1034251614CAE798002F7F85 /* Frameworks */,
				1034251714CAE798002F7F85 /* Resources */,
			);
			buildRules = (
			);
			dependencies = (
			);
			name = GCDSample;
			productName = GCDSample;
			productReference = 1034251914CAE798002F7F85 /* GCDSample.app */;
			productType = "com.apple.product-type.application";
		};
		1034253314CAE799002F7F85 /* GCDSampleTests */ = {
			isa = PBXNativeTarget;
			buildConfigurationList = 1034254914CAE799002F7F85 /* Build configuration list for PBXNativeTarget "GCDSampleTests" */;
			buildPhases = (
				1034252F14CAE799002F7F85 /* Sources */,
				1034253014CAE799002F7F85 /* Frameworks */,
				1034253114CAE799002F7F85 /* Resources */,
				1034253214CAE799002F7F85 /* ShellScript */,
			);
			buildRules = (
			);
			dependencies = (
				1034253A14CAE799002F7F85 /* PBXTargetDependency */,
			);
			name = GCDSampleTests;
			productName = GCDSampleTests;
			productReference = 1034253414CAE799002F7F85 /* GCDSampleTests.octest */;
			productType = "com.apple.product-type.bundle";
		};
/* End PBXNativeTarget section */

/* Begin PBXProject section */
		1034251014CAE798002F7F85 /* Project object */ = {
			isa = PBXProject;
			attributes = {
				LastUpgradeCheck = 0420;
			};
			buildConfigurationList = 1034251314CAE798002F7F85 /* Build configuration list for PBXProject "GCDSample" */;
			compatibilityVersion = "Xcode 3.2";
			developmentRegion = English;
			hasScannedForEncodings = 0;
			knownRegions = (
				en,
			);
			mainGroup = 1034250E14CAE798002F7F85;
			productRefGroup = 1034251A14CAE798002F7F85 /* Products */;
			projectDirPath = "";
			projectRoot = "";
			targets = (
				1034251814CAE798002F7F85 /* GCDSample */,
				1034253314CAE799002F7F85 /* GCDSampleTests */,
			);
		};
/* End PBXProject section */

/* Begin PBXResourcesBuildPhase section */
		1034251714CAE798002F7F85 /* Resources */ = {
			isa = PBXResourcesBuildPhase;
			buildActionMask = 2147483647;
			files = (
				1034252814CAE799002F7F85 /* InfoPlist.strings in Resources */,
				1034255514CAE7EB002F7F85 /* RootViewController.xib in Resources */,
				1034255A14CAED7C002F7F85 /* SingletonViewController.xib in Resources */,
			);
			runOnlyForDeploymentPostprocessing = 0;
		};
		1034253114CAE799002F7F85 /* Resources */ = {
			isa = PBXResourcesBuildPhase;
			buildActionMask = 2147483647;
			files = (
				1034254014CAE799002F7F85 /* InfoPlist.strings in Resources */,
			);
			runOnlyForDeploymentPostprocessing = 0;
		};
/* End PBXResourcesBuildPhase section */

/* Begin PBXShellScriptBuildPhase section */
		1034253214CAE799002F7F85 /* ShellScript */ = {
			isa = PBXShellScriptBuildPhase;
			buildActionMask = 2147483647;
			files = (
			);
			inputPaths = (
			);
			outputPaths = (
			);
			runOnlyForDeploymentPostprocessing = 0;
			shellPath = /bin/sh;
			shellScript = "# Run the unit tests in this test bundle.\n\"${SYSTEM_DEVELOPER_DIR}/Tools/RunUnitTests\"\n";
		};
/* End PBXShellScriptBuildPhase section */

/* Begin PBXSourcesBuildPhase section */
		1034251514CAE798002F7F85 /* Sources */ = {
			isa = PBXSourcesBuildPhase;
			buildActionMask = 2147483647;
			files = (
				1034252A14CAE799002F7F85 /* main.m in Sources */,
				1034252E14CAE799002F7F85 /* AppDelegate.m in Sources */,
				1034255414CAE7EB002F7F85 /* RootViewController.m in Sources */,
				1034255914CAED7C002F7F85 /* SingletonViewController.m in Sources */,
			);
			runOnlyForDeploymentPostprocessing = 0;
		};
		1034252F14CAE799002F7F85 /* Sources */ = {
			isa = PBXSourcesBuildPhase;
			buildActionMask = 2147483647;
			files = (
				1034254314CAE799002F7F85 /* GCDSampleTests.m in Sources */,
			);
			runOnlyForDeploymentPostprocessing = 0;
		};
/* End PBXSourcesBuildPhase section */

/* Begin PBXTargetDependency section */
		1034253A14CAE799002F7F85 /* PBXTargetDependency */ = {
			isa = PBXTargetDependency;
			target = 1034251814CAE798002F7F85 /* GCDSample */;
			targetProxy = 1034253914CAE799002F7F85 /* PBXContainerItemProxy */;
		};
/* End PBXTargetDependency section */

/* Begin PBXVariantGroup section */
		1034252614CAE799002F7F85 /* InfoPlist.strings */ = {
			isa = PBXVariantGroup;
			children = (
				1034252714CAE799002F7F85 /* en */,
			);
			name = InfoPlist.strings;
			sourceTree = "<group>";
		};
		1034253E14CAE799002F7F85 /* InfoPlist.strings */ = {
			isa = PBXVariantGroup;
			children = (
				1034253F14CAE799002F7F85 /* en */,
			);
			name = InfoPlist.strings;
			sourceTree = "<group>";
		};
/* End PBXVariantGroup section */

/* Begin XCBuildConfiguration section */
		1034254414CAE799002F7F85 /* Debug */ = {
			isa = XCBuildConfiguration;
			buildSettings = {
				ALWAYS_SEARCH_USER_PATHS = NO;
				ARCHS = "$(ARCHS_STANDARD_32_BIT)";
				CLANG_ENABLE_OBJC_ARC = YES;
				"CODE_SIGN_IDENTITY[sdk=iphoneos*]" = "iPhone Developer";
				COPY_PHASE_STRIP = NO;
				GCC_C_LANGUAGE_STANDARD = gnu99;
				GCC_DYNAMIC_NO_PIC = NO;
				GCC_OPTIMIZATION_LEVEL = 0;
				GCC_PREPROCESSOR_DEFINITIONS = (
					"DEBUG=1",
					"$(inherited)",
				);
				GCC_SYMBOLS_PRIVATE_EXTERN = NO;
				GCC_VERSION = com.apple.compilers.llvm.clang.1_0;
				GCC_WARN_ABOUT_MISSING_PROTOTYPES = YES;
				GCC_WARN_ABOUT_RETURN_TYPE = YES;
				GCC_WARN_UNUSED_VARIABLE = YES;
				IPHONEOS_DEPLOYMENT_TARGET = 5.0;
				SDKROOT = iphoneos;
			};
			name = Debug;
		};
		1034254514CAE799002F7F85 /* Release */ = {
			isa = XCBuildConfiguration;
			buildSettings = {
				ALWAYS_SEARCH_USER_PATHS = NO;
				ARCHS = "$(ARCHS_STANDARD_32_BIT)";
				CLANG_ENABLE_OBJC_ARC = YES;
				"CODE_SIGN_IDENTITY[sdk=iphoneos*]" = "iPhone Developer";
				COPY_PHASE_STRIP = YES;
				GCC_C_LANGUAGE_STANDARD = gnu99;
				GCC_VERSION = com.apple.compilers.llvm.clang.1_0;
				GCC_WARN_ABOUT_MISSING_PROTOTYPES = YES;
				GCC_WARN_ABOUT_RETURN_TYPE = YES;
				GCC_WARN_UNUSED_VARIABLE = YES;
				IPHONEOS_DEPLOYMENT_TARGET = 5.0;
				OTHER_CFLAGS = "-DNS_BLOCK_ASSERTIONS=1";
				SDKROOT = iphoneos;
				VALIDATE_PRODUCT = YES;
			};
			name = Release;
		};
		1034254714CAE799002F7F85 /* Debug */ = {
			isa = XCBuildConfiguration;
			buildSettings = {
				GCC_PRECOMPILE_PREFIX_HEADER = YES;
				GCC_PREFIX_HEADER = "GCDSample/GCDSample-Prefix.pch";
				INFOPLIST_FILE = "GCDSample/GCDSample-Info.plist";
				PRODUCT_NAME = "$(TARGET_NAME)";
				WRAPPER_EXTENSION = app;
			};
			name = Debug;
		};
		1034254814CAE799002F7F85 /* Release */ = {
			isa = XCBuildConfiguration;
			buildSettings = {
				GCC_PRECOMPILE_PREFIX_HEADER = YES;
				GCC_PREFIX_HEADER = "GCDSample/GCDSample-Prefix.pch";
				INFOPLIST_FILE = "GCDSample/GCDSample-Info.plist";
				PRODUCT_NAME = "$(TARGET_NAME)";
				WRAPPER_EXTENSION = app;
			};
			name = Release;
		};
		1034254A14CAE799002F7F85 /* Debug */ = {
			isa = XCBuildConfiguration;
			buildSettings = {
				BUNDLE_LOADER = "$(BUILT_PRODUCTS_DIR)/GCDSample.app/GCDSample";
				FRAMEWORK_SEARCH_PATHS = (
					"$(SDKROOT)/Developer/Library/Frameworks",
					"$(DEVELOPER_LIBRARY_DIR)/Frameworks",
				);
				GCC_PRECOMPILE_PREFIX_HEADER = YES;
				GCC_PREFIX_HEADER = "GCDSample/GCDSample-Prefix.pch";
				INFOPLIST_FILE = "GCDSampleTests/GCDSampleTests-Info.plist";
				PRODUCT_NAME = "$(TARGET_NAME)";
				TEST_HOST = "$(BUNDLE_LOADER)";
				WRAPPER_EXTENSION = octest;
			};
			name = Debug;
		};
		1034254B14CAE799002F7F85 /* Release */ = {
			isa = XCBuildConfiguration;
			buildSettings = {
				BUNDLE_LOADER = "$(BUILT_PRODUCTS_DIR)/GCDSample.app/GCDSample";
				FRAMEWORK_SEARCH_PATHS = (
					"$(SDKROOT)/Developer/Library/Frameworks",
					"$(DEVELOPER_LIBRARY_DIR)/Frameworks",
				);
				GCC_PRECOMPILE_PREFIX_HEADER = YES;
				GCC_PREFIX_HEADER = "GCDSample/GCDSample-Prefix.pch";
				INFOPLIST_FILE = "GCDSampleTests/GCDSampleTests-Info.plist";
				PRODUCT_NAME = "$(TARGET_NAME)";
				TEST_HOST = "$(BUNDLE_LOADER)";
				WRAPPER_EXTENSION = octest;
			};
			name = Release;
		};
/* End XCBuildConfiguration section */

/* Begin XCConfigurationList section */
		1034251314CAE798002F7F85 /* Build configuration list for PBXProject "GCDSample" */ = {
			isa = XCConfigurationList;
			buildConfigurations = (
				1034254414CAE799002F7F85 /* Debug */,
				1034254514CAE799002F7F85 /* Release */,
			);
			defaultConfigurationIsVisible = 0;
			defaultConfigurationName = Release;
		};
		1034254614CAE799002F7F85 /* Build configuration list for PBXNativeTarget "GCDSample" */ = {
			isa = XCConfigurationList;
			buildConfigurations = (
				1034254714CAE799002F7F85 /* Debug */,
				1034254814CAE799002F7F85 /* Release */,
			);
			defaultConfigurationIsVisible = 0;
		};
		1034254914CAE799002F7F85 /* Build configuration list for PBXNativeTarget "GCDSampleTests" */ = {
			isa = XCConfigurationList;
			buildConfigurations = (
				1034254A14CAE799002F7F85 /* Debug */,
				1034254B14CAE799002F7F85 /* Release */,
			);
			defaultConfigurationIsVisible = 0;
		};
/* End XCConfigurationList section */
	};
	rootObject = 1034251014CAE798002F7F85 /* Project object */;
}
